
Microsoft Visual Studio Solution File, Format Version 12.00
# Visual Studio Version 18
VisualStudioVersion = 18.5.11709.299 stable
MinimumVisualStudioVersion = 10.0.40219.1
Project("{FAE04EC0-301F-11D3-BF4B-00C04F79EFBC}") = "SemanticKernel", "SemanticKernel.csproj", "{82129D02-97A1-83CC-ED9D-7BBF6ADFADA2}"
EndProject
Global
	GlobalSection(SolutionConfigurationPlatforms) = preSolution
		Debug|Any CPU = Debug|Any CPU
		Release|Any CPU = Release|Any CPU
	EndGlobalSection
	GlobalSection(ProjectConfigurationPlatforms) = postSolution
		{82129D02-97A1-83CC-ED9D-7BBF6ADFADA2}.Debug|Any CPU.ActiveCfg = Debug|Any CPU
		{82129D02-97A1-83CC-ED9D-7BBF6ADFADA2}.Debug|Any CPU.Build.0 = Debug|Any CPU
		{82129D02-97A1-83CC-ED9D-7BBF6ADFADA2}.Release|Any CPU.ActiveCfg = Release|Any CPU
		{82129D02-97A1-83CC-ED9D-7BBF6ADFADA2}.Release|Any CPU.Build.0 = Release|Any CPU
	EndGlobalSection
	GlobalSection(SolutionProperties) = preSolution
		HideSolutionNode = FALSE
	EndGlobalSection
	GlobalSection(ExtensibilityGlobals) = postSolution
		SolutionGuid = {21F6F9D8-96F4-4680-AEBF-0AFC13FA2B9C}
	EndGlobalSection
EndGlobal
